
Microsoft Visual Studio Solution File, Format Version 12.00
# Visual Studio Version 16
VisualStudioVersion = 16.0.29613.14
MinimumVisualStudioVersion = 10.0.40219.1
Project("{FAE04EC0-301F-11D3-BF4B-00C04F79EFBC}") = "StitchTime", "StitchTime\StitchTime.csproj", "{FF5088D9-66D5-41FE-9B40-2CB7A05CFF46}"
EndProject
Project("{FAE04EC0-301F-11D3-BF4B-00C04F79EFBC}") = "StitchTime.Core", "StitchTime.Core\StitchTime.Core.csproj", "{14C9D94A-1339-4FB4-A9CC-78E82BA89E2A}"
EndProject
Project("{FAE04EC0-301F-11D3-BF4B-00C04F79EFBC}") = "StitchTime.DAL", "StitchTime.DAL\StitchTime.DAL.csproj", "{C44D3CEB-9326-4FD0-9407-46E3CBE85FBF}"
EndProject
Project("{FAE04EC0-301F-11D3-BF4B-00C04F79EFBC}") = "StitchTime.Services", "StitchTime.Services\StitchTime.Services.csproj", "{E191292F-8E5C-4C2C-8DF2-67B0016E41C5}"
EndProject
Global
	GlobalSection(SolutionConfigurationPlatforms) = preSolution
		Debug|Any CPU = Debug|Any CPU
		Release|Any CPU = Release|Any CPU
	EndGlobalSection
	GlobalSection(ProjectConfigurationPlatforms) = postSolution
		{FF5088D9-66D5-41FE-9B40-2CB7A05CFF46}.Debug|Any CPU.ActiveCfg = Debug|Any CPU
		{FF5088D9-66D5-41FE-9B40-2CB7A05CFF46}.Debug|Any CPU.Build.0 = Debug|Any CPU
		{FF5088D9-66D5-41FE-9B40-2CB7A05CFF46}.Release|Any CPU.ActiveCfg = Release|Any CPU
		{FF5088D9-66D5-41FE-9B40-2CB7A05CFF46}.Release|Any CPU.Build.0 = Release|Any CPU
		{14C9D94A-1339-4FB4-A9CC-78E82BA89E2A}.Debug|Any CPU.ActiveCfg = Debug|Any CPU
		{14C9D94A-1339-4FB4-A9CC-78E82BA89E2A}.Debug|Any CPU.Build.0 = Debug|Any CPU
		{14C9D94A-1339-4FB4-A9CC-78E82BA89E2A}.Release|Any CPU.ActiveCfg = Release|Any CPU
		{14C9D94A-1339-4FB4-A9CC-78E82BA89E2A}.Release|Any CPU.Build.0 = Release|Any CPU
		{C44D3CEB-9326-4FD0-9407-46E3CBE85FBF}.Debug|Any CPU.ActiveCfg = Debug|Any CPU
		{C44D3CEB-9326-4FD0-9407-46E3CBE85FBF}.Debug|Any CPU.Build.0 = Debug|Any CPU
		{C44D3CEB-9326-4FD0-9407-46E3CBE85FBF}.Release|Any CPU.ActiveCfg = Release|Any CPU
		{C44D3CEB-9326-4FD0-9407-46E3CBE85FBF}.Release|Any CPU.Build.0 = Release|Any CPU
		{E191292F-8E5C-4C2C-8DF2-67B0016E41C5}.Debug|Any CPU.ActiveCfg = Debug|Any CPU
		{E191292F-8E5C-4C2C-8DF2-67B0016E41C5}.Debug|Any CPU.Build.0 = Debug|Any CPU
		{E191292F-8E5C-4C2C-8DF2-67B0016E41C5}.Release|Any CPU.ActiveCfg = Release|Any CPU
		{E191292F-8E5C-4C2C-8DF2-67B0016E41C5}.Release|Any CPU.Build.0 = Release|Any CPU
	EndGlobalSection
	GlobalSection(SolutionProperties) = preSolution
		HideSolutionNode = FALSE
	EndGlobalSection
	GlobalSection(ExtensibilityGlobals) = postSolution
		SolutionGuid = {D714DEF9-63DA-4BD8-8D5B-EF871C907FC3}
	EndGlobalSection
EndGlobal
